{
  "name": "client",
  "version": "0.0.0",
  "lockfileVersion": 1,
  "dependencies": {
    "@angular/animations": {
      "version": "4.2.4",
      "resolved": "https://registry.npmjs.org/@angular/animations/-/animations-4.2.4.tgz",
      "integrity": "sha1-VS02H/8WPFbQ39pPljoWv+TkTpg="
    },
    "@angular/common": {
      "version": "4.2.4",
      "resolved": "https://registry.npmjs.org/@angular/common/-/common-4.2.4.tgz",
      "integrity": "sha1-m37g5pKrAxkafNmvMx0PSS087+s="
    },
    "@angular/compiler": {
      "version": "4.2.4",
      "resolved": "https://registry.npmjs.org/@angular/compiler/-/compiler-4.2.4.tgz",
      "integrity": "sha1-eTaoey1IOrzvhAuGjB/PZyIcSRQ="
    },
    "@angular/core": {
      "version": "4.2.4",
      "resolved": "https://registry.npmjs.org/@angular/core/-/core-4.2.4.tgz",
      "integrity": "sha1-6N96jdXeWjJ3hN/DW12mNEKBzxs="
    },
    "@angular/forms": {
      "version": "4.2.4",
      "resolved": "https://registry.npmjs.org/@angular/forms/-/forms-4.2.4.tgz",
      "integrity": "sha1-rgl1UzLqRj9WHfAarCvTaeXTXck="
    },
    "@angular/http": {
      "version": "4.2.4",
      "resolved": "https://registry.npmjs.org/@angular/http/-/http-4.2.4.tgz",
      "integrity": "sha1-7QOcDVOlh9JFdfTKv9Hbjn8eP4s="
    },
    "@angular/platform-browser": {
      "version": "4.2.4",
      "resolved": "https://registry.npmjs.org/@angular/platform-browser/-/platform-browser-4.2.4.tgz",
      "integrity": "sha1-AKRNyy/Xd7VLwXwc5zSqGP6f0Dk="
    },
    "@angular/platform-browser-dynamic": {
      "version": "4.2.4",
      "resolved": "https://registry.npmjs.org/@angular/platform-browser-dynamic/-/platform-browser-dynamic-4.2.4.tgz",
      "integrity": "sha1-UZD9p5QlrkmkkiSYVhTJeAo3B2E="
    },
    "@angular/router": {
      "version": "4.2.4",
      "resolved": "https://registry.npmjs.org/@angular/router/-/router-4.2.4.tgz",
      "integrity": "sha1-Lxk/OjbaGbEaCMm0Djkb2P3lnFY="
    },
    "core-js": {
      "version": "2.4.1",
      "resolved": "https://registry.npmjs.org/core-js/-/core-js-2.4.1.tgz",
      "integrity": "sha1-TekR5mew6ukSTjQlS1OupvxhjT4="
    },
    "rxjs": {
      "version": "5.4.1",
      "resolved": "https://registry.npmjs.org/rxjs/-/rxjs-5.4.1.tgz",
      "integrity": "sha1-ti91fyeURdJloYpY+wpw3JDpFiY="
    },
    "symbol-observable": {
      "version": "1.0.4",
      "resolved": "https://registry.npmjs.org/symbol-observable/-/symbol-observable-1.0.4.tgz",
      "integrity": "sha1-Kb9hXUqnEhvdiYsi1LP5vE4qoD0="
    },
    "tslib": {
      "version": "1.7.1",
      "resolved": "https://registry.npmjs.org/tslib/-/tslib-1.7.1.tgz",
      "integrity": "sha1-vIAEFkaRkjp5/oN4u+s9ogF1OOw="
    },
    "zone.js": {
      "version": "0.8.12",
      "resolved": "https://registry.npmjs.org/zone.js/-/zone.js-0.8.12.tgz",
      "integrity": "sha1-hv9QU8mK7CkaC/S7rFAdaUoFz7s="
    }
  }
}
